
Microsoft Visual Studio Solution File, Format Version 12.00
# Visual Studio Version 17
VisualStudioVersion = 17.2.32516.85
MinimumVisualStudioVersion = 10.0.40219.1
Project("{FAE04EC0-301F-11D3-BF4B-00C04F79EFBC}") = "eTickets", "eTickets\eTickets.csproj", "{ED23FDA5-BF5B-4024-9EB2-3A5F04A0671E}"
EndProject
Global
	GlobalSection(SolutionConfigurationPlatforms) = preSolution
		Debug|Any CPU = Debug|Any CPU
		Release|Any CPU = Release|Any CPU
	EndGlobalSection
	GlobalSection(ProjectConfigurationPlatforms) = postSolution
		{ED23FDA5-BF5B-4024-9EB2-3A5F04A0671E}.Debug|Any CPU.ActiveCfg = Debug|Any CPU
		{ED23FDA5-BF5B-4024-9EB2-3A5F04A0671E}.Debug|Any CPU.Build.0 = Debug|Any CPU
		{ED23FDA5-BF5B-4024-9EB2-3A5F04A0671E}.Release|Any CPU.ActiveCfg = Release|Any CPU
		{ED23FDA5-BF5B-4024-9EB2-3A5F04A0671E}.Release|Any CPU.Build.0 = Release|Any CPU
	EndGlobalSection
	GlobalSection(SolutionProperties) = preSolution
		HideSolutionNode = FALSE
	EndGlobalSection
	GlobalSection(ExtensibilityGlobals) = postSolution
		SolutionGuid = {47ADB1BD-6BA7-43DF-A896-A4F7C67DE9EF}
	EndGlobalSection
EndGlobal
